
Microsoft Visual Studio Solution File, Format Version 12.00
# Visual Studio Version 17
VisualStudioVersion = 17.10.35013.160
MinimumVisualStudioVersion = 10.0.40219.1
Project("{FAE04EC0-301F-11D3-BF4B-00C04F79EFBC}") = "ModularMinimalAPI", "ModularMinimalAPI\ModularMinimalAPI.csproj", "{0F840583-E339-4209-9863-415C08EE3245}"
EndProject
Global
	GlobalSection(SolutionConfigurationPlatforms) = preSolution
		Debug|Any CPU = Debug|Any CPU
		Release|Any CPU = Release|Any CPU
	EndGlobalSection
	GlobalSection(ProjectConfigurationPlatforms) = postSolution
		{0F840583-E339-4209-9863-415C08EE3245}.Debug|Any CPU.ActiveCfg = Debug|Any CPU
		{0F840583-E339-4209-9863-415C08EE3245}.Debug|Any CPU.Build.0 = Debug|Any CPU
		{0F840583-E339-4209-9863-415C08EE3245}.Release|Any CPU.ActiveCfg = Release|Any CPU
		{0F840583-E339-4209-9863-415C08EE3245}.Release|Any CPU.Build.0 = Release|Any CPU
	EndGlobalSection
	GlobalSection(SolutionProperties) = preSolution
		HideSolutionNode = FALSE
	EndGlobalSection
	GlobalSection(ExtensibilityGlobals) = postSolution
		SolutionGuid = {928FF305-0939-43E9-BD16-9ABF2606E782}
	EndGlobalSection
EndGlobal
